
Microsoft Visual Studio Solution File, Format Version 12.00
# Visual Studio Version 17
VisualStudioVersion = 17.14.36429.23 d17.14
MinimumVisualStudioVersion = 10.0.40219.1
Project("{FAE04EC0-301F-11D3-BF4B-00C04F79EFBC}") = "OrbitIMS", "OrbitIMS\OrbitIMS.csproj", "{EE714C26-340D-4AC0-A7EE-3DE70CBAC414}"
EndProject
Global
	GlobalSection(SolutionConfigurationPlatforms) = preSolution
		Debug|Any CPU = Debug|Any CPU
		Release|Any CPU = Release|Any CPU
	EndGlobalSection
	GlobalSection(ProjectConfigurationPlatforms) = postSolution
		{EE714C26-340D-4AC0-A7EE-3DE70CBAC414}.Debug|Any CPU.ActiveCfg = Debug|Any CPU
		{EE714C26-340D-4AC0-A7EE-3DE70CBAC414}.Debug|Any CPU.Build.0 = Debug|Any CPU
		{EE714C26-340D-4AC0-A7EE-3DE70CBAC414}.Release|Any CPU.ActiveCfg = Release|Any CPU
		{EE714C26-340D-4AC0-A7EE-3DE70CBAC414}.Release|Any CPU.Build.0 = Release|Any CPU
	EndGlobalSection
	GlobalSection(SolutionProperties) = preSolution
		HideSolutionNode = FALSE
	EndGlobalSection
	GlobalSection(ExtensibilityGlobals) = postSolution
		SolutionGuid = {5007B457-FEC9-42A4-BD69-27E4338ABD65}
	EndGlobalSection
EndGlobal
